
Microsoft Visual Studio Solution File, Format Version 12.00
# Visual Studio Version 16
VisualStudioVersion = 16.0.33214.272
MinimumVisualStudioVersion = 10.0.40219.1
Project("{8BC9CEB8-8B4A-11D0-8D11-00A0C91BC942}") = "三子棋比特", "三子棋比特\三子棋比特.vcxproj", "{B6FF27F7-AE89-4171-9879-B19E9FA71A80}"
EndProject
Global
	GlobalSection(SolutionConfigurationPlatforms) = preSolution
		Debug|x64 = Debug|x64
		Debug|x86 = Debug|x86
		Release|x64 = Release|x64
		Release|x86 = Release|x86
	EndGlobalSection
	GlobalSection(ProjectConfigurationPlatforms) = postSolution
		{B6FF27F7-AE89-4171-9879-B19E9FA71A80}.Debug|x64.ActiveCfg = Debug|x64
		{B6FF27F7-AE89-4171-9879-B19E9FA71A80}.Debug|x64.Build.0 = Debug|x64
		{B6FF27F7-AE89-4171-9879-B19E9FA71A80}.Debug|x86.ActiveCfg = Debug|Win32
		{B6FF27F7-AE89-4171-9879-B19E9FA71A80}.Debug|x86.Build.0 = Debug|Win32
		{B6FF27F7-AE89-4171-9879-B19E9FA71A80}.Release|x64.ActiveCfg = Release|x64
		{B6FF27F7-AE89-4171-9879-B19E9FA71A80}.Release|x64.Build.0 = Release|x64
		{B6FF27F7-AE89-4171-9879-B19E9FA71A80}.Release|x86.ActiveCfg = Release|Win32
		{B6FF27F7-AE89-4171-9879-B19E9FA71A80}.Release|x86.Build.0 = Release|Win32
	EndGlobalSection
	GlobalSection(SolutionProperties) = preSolution
		HideSolutionNode = FALSE
	EndGlobalSection
	GlobalSection(ExtensibilityGlobals) = postSolution
		SolutionGuid = {302C6ED7-799C-4EA0-B8FF-33070DAD18E7}
	EndGlobalSection
EndGlobal
